
Microsoft Visual Studio Solution File, Format Version 12.00
# Visual Studio Version 16
VisualStudioVersion = 16.0.30523.141
MinimumVisualStudioVersion = 10.0.40219.1
Project("{9A19103F-16F7-4668-BE54-9A1E7A4F7556}") = "TracklistParser", "TracklistParser\TracklistParser.csproj", "{530E61B6-2F54-4DFF-8B90-B5A4BDCBF73E}"
EndProject
Project("{9A19103F-16F7-4668-BE54-9A1E7A4F7556}") = "XUnitTestProject1", "XUnitTestProject1\XUnitTestProject1.csproj", "{E2FDFB43-AE05-4AE8-ABE9-8499727B9A6D}"
EndProject
Project("{FAE04EC0-301F-11D3-BF4B-00C04F79EFBC}") = "Interface", "Interface\Interface.csproj", "{8938A1A6-4C64-495C-B374-6CE2A8A07CB6}"
EndProject
Global
	GlobalSection(SolutionConfigurationPlatforms) = preSolution
		Debug|Any CPU = Debug|Any CPU
		Release|Any CPU = Release|Any CPU
	EndGlobalSection
	GlobalSection(ProjectConfigurationPlatforms) = postSolution
		{530E61B6-2F54-4DFF-8B90-B5A4BDCBF73E}.Debug|Any CPU.ActiveCfg = Debug|Any CPU
		{530E61B6-2F54-4DFF-8B90-B5A4BDCBF73E}.Debug|Any CPU.Build.0 = Debug|Any CPU
		{530E61B6-2F54-4DFF-8B90-B5A4BDCBF73E}.Release|Any CPU.ActiveCfg = Release|Any CPU
		{530E61B6-2F54-4DFF-8B90-B5A4BDCBF73E}.Release|Any CPU.Build.0 = Release|Any CPU
		{E2FDFB43-AE05-4AE8-ABE9-8499727B9A6D}.Debug|Any CPU.ActiveCfg = Debug|Any CPU
		{E2FDFB43-AE05-4AE8-ABE9-8499727B9A6D}.Debug|Any CPU.Build.0 = Debug|Any CPU
		{E2FDFB43-AE05-4AE8-ABE9-8499727B9A6D}.Release|Any CPU.ActiveCfg = Release|Any CPU
		{E2FDFB43-AE05-4AE8-ABE9-8499727B9A6D}.Release|Any CPU.Build.0 = Release|Any CPU
		{8938A1A6-4C64-495C-B374-6CE2A8A07CB6}.Debug|Any CPU.ActiveCfg = Debug|Any CPU
		{8938A1A6-4C64-495C-B374-6CE2A8A07CB6}.Debug|Any CPU.Build.0 = Debug|Any CPU
		{8938A1A6-4C64-495C-B374-6CE2A8A07CB6}.Release|Any CPU.ActiveCfg = Release|Any CPU
		{8938A1A6-4C64-495C-B374-6CE2A8A07CB6}.Release|Any CPU.Build.0 = Release|Any CPU
	EndGlobalSection
	GlobalSection(SolutionProperties) = preSolution
		HideSolutionNode = FALSE
	EndGlobalSection
	GlobalSection(ExtensibilityGlobals) = postSolution
		SolutionGuid = {3B0A0497-4C2C-406A-9133-CCED9CA6F492}
	EndGlobalSection
EndGlobal
